
Microsoft Visual Studio Solution File, Format Version 12.00
# Visual Studio Version 16
VisualStudioVersion = 16.0.32630.194
MinimumVisualStudioVersion = 10.0.40219.1
Project("{888888A0-9F3D-457C-B088-3A5042F75D52}") = "HW_request", "HW_request.pyproj", "{6522EA40-8D43-4285-867D-3AEDF37B4677}"
EndProject
Global
	GlobalSection(SolutionConfigurationPlatforms) = preSolution
		Debug|Any CPU = Debug|Any CPU
		Release|Any CPU = Release|Any CPU
	EndGlobalSection
	GlobalSection(ProjectConfigurationPlatforms) = postSolution
		{6522EA40-8D43-4285-867D-3AEDF37B4677}.Debug|Any CPU.ActiveCfg = Debug|Any CPU
		{6522EA40-8D43-4285-867D-3AEDF37B4677}.Release|Any CPU.ActiveCfg = Release|Any CPU
	EndGlobalSection
	GlobalSection(SolutionProperties) = preSolution
		HideSolutionNode = FALSE
	EndGlobalSection
	GlobalSection(ExtensibilityGlobals) = postSolution
		SolutionGuid = {E315CE7B-5796-4980-8066-E79140787F12}
	EndGlobalSection
EndGlobal
